<?xml version="1.0" encoding="utf-8"?>
<Project ToolsVersion="4.0" xmlns="http://schemas.microsoft.com/developer/msbuild/2003">
  <ItemGroup>
    <ClCompile Include="Service\Input\InputService.cpp">
      <Filter>Service\Input</Filter>
    </ClCompile>
    <ClCompile Include="Service\Input\IKeyboardInputProvider.ixx">
      <Filter>Service\Input</Filter>
    </ClCompile>
    <ClCompile Include="Service\Input\KeyboardState.ixx">
      <Filter>Service\Input</Filter>
    </ClCompile>
    <ClCompile Include="Service\Input\MouseButton.ixx">
      <Filter>Service\Input</Filter>
    </ClCompile>
    <ClCompile Include="Service\Input\KeyCode.ixx">
      <Filter>Service\Input</Filter>
    </ClCompile>
    <ClCompile Include="Service\Input\InputState.ixx">
      <Filter>Service\Input</Filter>
    </ClCompile>
    <ClCompile Include="Service\Input\MouseState.ixx">
      <Filter>Service\Input</Filter>
    </ClCompile>
    <ClCompile Include="Service\Input\IMouseInputProvider.ixx">
      <Filter>Service\Input</Filter>
    </ClCompile>
    <ClCompile Include="Service\Input\Input.ixx">
      <Filter>Service\Input</Filter>
    </ClCompile>
    <ClCompile Include="Service\Input\InputService.ixx">
      <Filter>Service\Input</Filter>
    </ClCompile>
    <ClCompile Include="Service\Asset\Asset.ixx">
      <Filter>Service\Asset</Filter>
    </ClCompile>
    <ClCompile Include="Service\Asset\IReadStream.ixx">
      <Filter>Service\Asset</Filter>
    </ClCompile>
    <ClCompile Include="Service\Asset\IAssetStorage.ixx">
      <Filter>Service\Asset</Filter>
    </ClCompile>
  </ItemGroup>
  <ItemGroup>
    <Filter Include="Service">
      <UniqueIdentifier>{1f5a6581-143a-4be1-a565-2f7f48e52150}</UniqueIdentifier>
    </Filter>
    <Filter Include="Service\Input">
      <UniqueIdentifier>{1414625b-a3d4-4348-b428-e24223279cac}</UniqueIdentifier>
    </Filter>
    <Filter Include="Service\Asset">
      <UniqueIdentifier>{ddaa336d-5ff7-479c-8451-77e39004ddd4}</UniqueIdentifier>
    </Filter>
  </ItemGroup>
</Project>