<?xml version="1.0" encoding="utf-8"?>
<Project ToolsVersion="4.0" xmlns="http://schemas.microsoft.com/developer/msbuild/2003">
  <ItemGroup>
    <ClCompile Include="Keyboard\KeyboardInputProvider.ixx">
      <Filter>Keyboard</Filter>
    </ClCompile>
    <ClCompile Include="Keyboard\KeyMap.ixx">
      <Filter>Keyboard</Filter>
    </ClCompile>
    <ClCompile Include="Input.ixx" />
    <ClCompile Include="Mouse\MouseInputProvider.ixx">
      <Filter>Mouse</Filter>
    </ClCompile>
  </ItemGroup>
  <ItemGroup>
    <Filter Include="Keyboard">
      <UniqueIdentifier>{04f59b9e-b18e-49d1-a2fa-b8ec96ffa1f0}</UniqueIdentifier>
    </Filter>
    <Filter Include="Mouse">
      <UniqueIdentifier>{59d85a8f-59e4-46d9-a9f2-f11f23fb1244}</UniqueIdentifier>
    </Filter>
  </ItemGroup>
</Project>