<?xml version="1.0" encoding="utf-8"?>
<Project ToolsVersion="4.0" xmlns="http://schemas.microsoft.com/developer/msbuild/2003">
  <ItemGroup>
    <Filter Include="Foundation">
      <UniqueIdentifier>{c2db4bb7-b0e9-4dc7-8a7d-829bdc57bded}</UniqueIdentifier>
    </Filter>
    <Filter Include="Utils">
      <UniqueIdentifier>{2464969a-ccc9-47e9-a47b-fab764013851}</UniqueIdentifier>
    </Filter>
    <Filter Include="Utils\Handle">
      <UniqueIdentifier>{eac12419-8692-4464-a024-da52e933e990}</UniqueIdentifier>
    </Filter>
    <Filter Include="Math">
      <UniqueIdentifier>{53f50aa7-27b9-492c-a91e-d98e08482188}</UniqueIdentifier>
    </Filter>
    <Filter Include="Utils\Allocator">
      <UniqueIdentifier>{ed39e6a6-5566-4c6e-9a36-2c928bcd3359}</UniqueIdentifier>
    </Filter>
    <Filter Include="Foundation\Preprocessor">
      <UniqueIdentifier>{67321ec4-6f8c-42c9-b236-4852aeffc912}</UniqueIdentifier>
    </Filter>
  </ItemGroup>
  <ItemGroup>
    <ClInclude Include="Foundation\Foundation.h">
      <Filter>Foundation</Filter>
    </ClInclude>
    <ClInclude Include="Foundation\Preprocessor\Assert.h">
      <Filter>Foundation\Preprocessor</Filter>
    </ClInclude>
    <ClInclude Include="Foundation\Preprocessor\Macros.h">
      <Filter>Foundation\Preprocessor</Filter>
    </ClInclude>
    <ClInclude Include="Foundation\Preprocessor\TypeDefine.h">
      <Filter>Foundation\Preprocessor</Filter>
    </ClInclude>
  </ItemGroup>
  <ItemGroup>
    <ClCompile Include="Foundation\Logger.cpp">
      <Filter>Foundation</Filter>
    </ClCompile>
    <ClCompile Include="Foundation\Geometry2D.ixx">
      <Filter>Foundation</Filter>
    </ClCompile>
    <ClCompile Include="Foundation\Logger.ixx">
      <Filter>Foundation</Filter>
    </ClCompile>
    <ClCompile Include="Math\Vector2.ixx">
      <Filter>Math</Filter>
    </ClCompile>
    <ClCompile Include="Math\Vector3.ixx">
      <Filter>Math</Filter>
    </ClCompile>
    <ClCompile Include="Math\Vector4.ixx">
      <Filter>Math</Filter>
    </ClCompile>
    <ClCompile Include="Math\Matrix.ixx">
      <Filter>Math</Filter>
    </ClCompile>
    <ClCompile Include="Math\CameraMatrices.ixx">
      <Filter>Math</Filter>
    </ClCompile>
    <ClCompile Include="Utils\Allocator\DualIndexAllocator.ixx">
      <Filter>Utils\Allocator</Filter>
    </ClCompile>
    <ClCompile Include="Utils\Allocator\IndexAllocator.ixx">
      <Filter>Utils\Allocator</Filter>
    </ClCompile>
    <ClCompile Include="Utils\Allocator\LinearIndexAllcator.ixx">
      <Filter>Utils\Allocator</Filter>
    </ClCompile>
    <ClCompile Include="Utils\Handle\IDHandle.ixx">
      <Filter>Utils\Handle</Filter>
    </ClCompile>
    <ClCompile Include="Utils\Handle\GenerationalHandle.ixx">
      <Filter>Utils\Handle</Filter>
    </ClCompile>
    <ClCompile Include="Utils\Handle\FixedHandlePool.ixx">
      <Filter>Utils\Handle</Filter>
    </ClCompile>
    <ClCompile Include="Utils\Handle\HandlePool.ixx">
      <Filter>Utils\Handle</Filter>
    </ClCompile>
    <ClCompile Include="Utils\BitUtils.ixx">
      <Filter>Utils</Filter>
    </ClCompile>
    <ClCompile Include="Utils\StringUtils.ixx">
      <Filter>Utils</Filter>
    </ClCompile>
    <ClCompile Include="Utils\CycleIterator.ixx">
      <Filter>Utils</Filter>
    </ClCompile>
    <ClCompile Include="Utils\Hash.ixx">
      <Filter>Utils</Filter>
    </ClCompile>
    <ClCompile Include="Utils\StlUtils.ixx">
      <Filter>Utils</Filter>
    </ClCompile>
    <ClCompile Include="Foundation\Align.ixx">
      <Filter>Foundation</Filter>
    </ClCompile>
    <ClCompile Include="Foundation\Types.ixx">
      <Filter>Foundation</Filter>
    </ClCompile>
    <ClCompile Include="Foundation\ResourceID.ixx">
      <Filter>Foundation</Filter>
    </ClCompile>
    <ClCompile Include="Foundation\Color.ixx">
      <Filter>Foundation</Filter>
    </ClCompile>
    <ClCompile Include="Foundation\Cast.ixx">
      <Filter>Foundation</Filter>
    </ClCompile>
    <ClCompile Include="Foundation\Foundation.ixx">
      <Filter>Foundation</Filter>
    </ClCompile>
    <ClCompile Include="Utils\EnumUtils.ixx">
      <Filter>Utils</Filter>
    </ClCompile>
    <ClCompile Include="Math\MathUtils.ixx">
      <Filter>Math</Filter>
    </ClCompile>
    <ClCompile Include="Math\Constants.ixx">
      <Filter>Math</Filter>
    </ClCompile>
  </ItemGroup>
</Project>