<?xml version="1.0" encoding="utf-8"?>
<Project ToolsVersion="4.0" xmlns="http://schemas.microsoft.com/developer/msbuild/2003">
  <ItemGroup>
    <Filter Include="Foundation">
      <UniqueIdentifier>{c2db4bb7-b0e9-4dc7-8a7d-829bdc57bded}</UniqueIdentifier>
    </Filter>
    <Filter Include="Utils">
      <UniqueIdentifier>{2464969a-ccc9-47e9-a47b-fab764013851}</UniqueIdentifier>
    </Filter>
    <Filter Include="Math">
      <UniqueIdentifier>{53f50aa7-27b9-492c-a91e-d98e08482188}</UniqueIdentifier>
    </Filter>
    <Filter Include="Utils\Allocator">
      <UniqueIdentifier>{ed39e6a6-5566-4c6e-9a36-2c928bcd3359}</UniqueIdentifier>
    </Filter>
    <Filter Include="Handle">
      <UniqueIdentifier>{542ebfcd-8642-4250-9c1e-2c06c908fe37}</UniqueIdentifier>
    </Filter>
    <Filter Include="Types">
      <UniqueIdentifier>{b56b3f9b-1ad6-408f-960d-f21eea455870}</UniqueIdentifier>
    </Filter>
  </ItemGroup>
  <ItemGroup>
    <ClCompile Include="Foundation\Logger.cpp">
      <Filter>Foundation</Filter>
    </ClCompile>
    <ClCompile Include="Foundation\Logger.ixx">
      <Filter>Foundation</Filter>
    </ClCompile>
    <ClCompile Include="Math\Vector2.ixx">
      <Filter>Math</Filter>
    </ClCompile>
    <ClCompile Include="Math\Vector3.ixx">
      <Filter>Math</Filter>
    </ClCompile>
    <ClCompile Include="Math\Vector4.ixx">
      <Filter>Math</Filter>
    </ClCompile>
    <ClCompile Include="Math\Matrix.ixx">
      <Filter>Math</Filter>
    </ClCompile>
    <ClCompile Include="Math\CameraMatrices.ixx">
      <Filter>Math</Filter>
    </ClCompile>
    <ClCompile Include="Utils\Allocator\DualIndexAllocator.ixx">
      <Filter>Utils\Allocator</Filter>
    </ClCompile>
    <ClCompile Include="Utils\Allocator\IndexAllocator.ixx">
      <Filter>Utils\Allocator</Filter>
    </ClCompile>
    <ClCompile Include="Utils\Allocator\LinearIndexAllcator.ixx">
      <Filter>Utils\Allocator</Filter>
    </ClCompile>
    <ClCompile Include="Utils\BitUtils.ixx">
      <Filter>Utils</Filter>
    </ClCompile>
    <ClCompile Include="Utils\StringUtils.ixx">
      <Filter>Utils</Filter>
    </ClCompile>
    <ClCompile Include="Utils\CycleIterator.ixx">
      <Filter>Utils</Filter>
    </ClCompile>
    <ClCompile Include="Utils\Hash.ixx">
      <Filter>Utils</Filter>
    </ClCompile>
    <ClCompile Include="Utils\StlUtils.ixx">
      <Filter>Utils</Filter>
    </ClCompile>
    <ClCompile Include="Foundation\Align.ixx">
      <Filter>Foundation</Filter>
    </ClCompile>
    <ClCompile Include="Foundation\BasicTypes.ixx">
      <Filter>Foundation</Filter>
    </ClCompile>
    <ClCompile Include="Foundation\ResourceID.ixx">
      <Filter>Foundation</Filter>
    </ClCompile>
    <ClCompile Include="Foundation\Cast.ixx">
      <Filter>Foundation</Filter>
    </ClCompile>
    <ClCompile Include="Foundation\Foundation.ixx">
      <Filter>Foundation</Filter>
    </ClCompile>
    <ClCompile Include="Utils\EnumUtils.ixx">
      <Filter>Utils</Filter>
    </ClCompile>
    <ClCompile Include="Math\MathUtils.ixx">
      <Filter>Math</Filter>
    </ClCompile>
    <ClCompile Include="Math\Constants.ixx">
      <Filter>Math</Filter>
    </ClCompile>
    <ClCompile Include="Math\Math.ixx">
      <Filter>Math</Filter>
    </ClCompile>
    <ClCompile Include="Math\Color.ixx">
      <Filter>Math</Filter>
    </ClCompile>
    <ClCompile Include="Math\Geometry2D.ixx">
      <Filter>Math</Filter>
    </ClCompile>
    <ClCompile Include="Utils\Utils.ixx">
      <Filter>Utils</Filter>
    </ClCompile>
    <ClCompile Include="Handle\FixedHandlePool.ixx">
      <Filter>Handle</Filter>
    </ClCompile>
    <ClCompile Include="Handle\GenerationalHandle.ixx">
      <Filter>Handle</Filter>
    </ClCompile>
    <ClCompile Include="Handle\Handle.ixx">
      <Filter>Handle</Filter>
    </ClCompile>
    <ClCompile Include="Handle\HandlePool.ixx">
      <Filter>Handle</Filter>
    </ClCompile>
    <ClCompile Include="Handle\IDHandle.ixx">
      <Filter>Handle</Filter>
    </ClCompile>
    <ClCompile Include="Foundation\TypeHierarchy.ixx">
      <Filter>Foundation</Filter>
    </ClCompile>
    <ClCompile Include="Foundation\Assert.ixx">
      <Filter>Foundation</Filter>
    </ClCompile>
    <ClCompile Include="Types\Types.ixx">
      <Filter>Types</Filter>
    </ClCompile>
  </ItemGroup>
</Project>