<?xml version="1.0" encoding="utf-8"?>
<Project ToolsVersion="4.0" xmlns="http://schemas.microsoft.com/developer/msbuild/2003">
  <ItemGroup>
    <Filter Include="Utils">
      <UniqueIdentifier>{2464969a-ccc9-47e9-a47b-fab764013851}</UniqueIdentifier>
    </Filter>
    <Filter Include="Math">
      <UniqueIdentifier>{53f50aa7-27b9-492c-a91e-d98e08482188}</UniqueIdentifier>
    </Filter>
    <Filter Include="Handle">
      <UniqueIdentifier>{542ebfcd-8642-4250-9c1e-2c06c908fe37}</UniqueIdentifier>
    </Filter>
    <Filter Include="TypeHierarchy">
      <UniqueIdentifier>{599a948f-8984-4559-8ea5-61aaf6a4736a}</UniqueIdentifier>
    </Filter>
    <Filter Include="Bit">
      <UniqueIdentifier>{173a009e-b31f-43da-8014-c1d19529bcff}</UniqueIdentifier>
    </Filter>
    <Filter Include="Allocator">
      <UniqueIdentifier>{093ef8de-b941-43d5-b8ec-948603804664}</UniqueIdentifier>
    </Filter>
  </ItemGroup>
  <ItemGroup>
    <ClCompile Include="Math\Vector2.ixx">
      <Filter>Math</Filter>
    </ClCompile>
    <ClCompile Include="Math\Vector3.ixx">
      <Filter>Math</Filter>
    </ClCompile>
    <ClCompile Include="Math\Vector4.ixx">
      <Filter>Math</Filter>
    </ClCompile>
    <ClCompile Include="Math\Matrix.ixx">
      <Filter>Math</Filter>
    </ClCompile>
    <ClCompile Include="Math\CameraMatrices.ixx">
      <Filter>Math</Filter>
    </ClCompile>
    <ClCompile Include="Utils\StringOperations.ixx">
      <Filter>Utils</Filter>
    </ClCompile>
    <ClCompile Include="Utils\CycleIterator.ixx">
      <Filter>Utils</Filter>
    </ClCompile>
    <ClCompile Include="Utils\StlUtils.ixx">
      <Filter>Utils</Filter>
    </ClCompile>
    <ClCompile Include="Utils\EnumUtils.ixx">
      <Filter>Utils</Filter>
    </ClCompile>
    <ClCompile Include="Math\MathUtils.ixx">
      <Filter>Math</Filter>
    </ClCompile>
    <ClCompile Include="Math\Constants.ixx">
      <Filter>Math</Filter>
    </ClCompile>
    <ClCompile Include="Math\Math.ixx">
      <Filter>Math</Filter>
    </ClCompile>
    <ClCompile Include="Math\Color.ixx">
      <Filter>Math</Filter>
    </ClCompile>
    <ClCompile Include="Math\Geometry2D.ixx">
      <Filter>Math</Filter>
    </ClCompile>
    <ClCompile Include="Utils\Utils.ixx">
      <Filter>Utils</Filter>
    </ClCompile>
    <ClCompile Include="Handle\FixedHandlePool.ixx">
      <Filter>Handle</Filter>
    </ClCompile>
    <ClCompile Include="Handle\GenerationalHandle.ixx">
      <Filter>Handle</Filter>
    </ClCompile>
    <ClCompile Include="Handle\Handle.ixx">
      <Filter>Handle</Filter>
    </ClCompile>
    <ClCompile Include="Handle\HandlePool.ixx">
      <Filter>Handle</Filter>
    </ClCompile>
    <ClCompile Include="Handle\IDHandle.ixx">
      <Filter>Handle</Filter>
    </ClCompile>
    <ClCompile Include="TypeHierarchy\TypeHierarchy.ixx">
      <Filter>TypeHierarchy</Filter>
    </ClCompile>
    <ClCompile Include="TypeHierarchy\Relation.ixx">
      <Filter>TypeHierarchy</Filter>
    </ClCompile>
    <ClCompile Include="TypeHierarchy\TypeID.ixx">
      <Filter>TypeHierarchy</Filter>
    </ClCompile>
    <ClCompile Include="TypeHierarchy\TypeCast.ixx">
      <Filter>TypeHierarchy</Filter>
    </ClCompile>
    <ClCompile Include="Bit\Bit.ixx">
      <Filter>Bit</Filter>
    </ClCompile>
    <ClCompile Include="Bit\Align.ixx">
      <Filter>Bit</Filter>
    </ClCompile>
    <ClCompile Include="Bit\Nibble.ixx">
      <Filter>Bit</Filter>
    </ClCompile>
    <ClCompile Include="Allocator\DualIndexAllocator.ixx">
      <Filter>Allocator</Filter>
    </ClCompile>
    <ClCompile Include="Allocator\ReusableIndexAllocator.ixx">
      <Filter>Allocator</Filter>
    </ClCompile>
    <ClCompile Include="Allocator\LinearIndexAllcator.ixx">
      <Filter>Allocator</Filter>
    </ClCompile>
    <ClCompile Include="Allocator\Allocator.ixx">
      <Filter>Allocator</Filter>
    </ClCompile>
    <ClCompile Include="Assert.ixx" />
    <ClCompile Include="Logger.cpp" />
    <ClCompile Include="Logger.ixx" />
    <ClCompile Include="ResourceID.ixx" />
    <ClCompile Include="Types.ixx" />
    <ClCompile Include="Utils\Hash.ixx">
      <Filter>Utils</Filter>
    </ClCompile>
    <ClCompile Include="Utils\PathUtils.ixx">
      <Filter>Utils</Filter>
    </ClCompile>
    <ClCompile Include="Utils\StringConvert.ixx">
      <Filter>Utils</Filter>
    </ClCompile>
  </ItemGroup>
</Project>